
Microsoft Visual Studio Solution File, Format Version 12.00
# Visual Studio 15
VisualStudioVersion = 15.0.27004.2002
MinimumVisualStudioVersion = 10.0.40219.1
Project("{2150E333-8FDC-42A3-9474-1A3956D46DE8}") = "src", "src", "{223BDA99-C520-49E8-BA70-B13A2EE419F2}"
EndProject
Project("{2150E333-8FDC-42A3-9474-1A3956D46DE8}") = "Solution Items", "Solution Items", "{47195D62-3199-452E-8FE9-FF58A6D47D43}"
EndProject
Project("{9A19103F-16F7-4668-BE54-9A1E7A4F7556}") = "Disclose.Commands", "src\Disclose.Commands\Disclose.Commands.csproj", "{41618683-9A05-4543-895E-EA9CA3708A66}"
EndProject
Global
	GlobalSection(SolutionConfigurationPlatforms) = preSolution
		Debug|Any CPU = Debug|Any CPU
		Release|Any CPU = Release|Any CPU
	EndGlobalSection
	GlobalSection(ProjectConfigurationPlatforms) = postSolution
		{41618683-9A05-4543-895E-EA9CA3708A66}.Debug|Any CPU.ActiveCfg = Debug|Any CPU
		{41618683-9A05-4543-895E-EA9CA3708A66}.Debug|Any CPU.Build.0 = Debug|Any CPU
		{41618683-9A05-4543-895E-EA9CA3708A66}.Release|Any CPU.ActiveCfg = Release|Any CPU
		{41618683-9A05-4543-895E-EA9CA3708A66}.Release|Any CPU.Build.0 = Release|Any CPU
	EndGlobalSection
	GlobalSection(SolutionProperties) = preSolution
		HideSolutionNode = FALSE
	EndGlobalSection
	GlobalSection(NestedProjects) = preSolution
		{41618683-9A05-4543-895E-EA9CA3708A66} = {223BDA99-C520-49E8-BA70-B13A2EE419F2}
	EndGlobalSection
	GlobalSection(ExtensibilityGlobals) = postSolution
		SolutionGuid = {6B8C6E04-3780-421F-84E4-D7E274E465DA}
	EndGlobalSection
EndGlobal
